
Microsoft Visual Studio Solution File, Format Version 12.00
# Visual Studio Version 16
VisualStudioVersion = 16.0.30309.148
MinimumVisualStudioVersion = 10.0.40219.1
Project("{9A19103F-16F7-4668-BE54-9A1E7A4F7556}") = "Library Task", "ConsoleApp1\Library Task.csproj", "{D0393B5F-3041-4FE0-B920-9BC2C87F908A}"
EndProject
Global
	GlobalSection(SolutionConfigurationPlatforms) = preSolution
		Debug|Any CPU = Debug|Any CPU
		Release|Any CPU = Release|Any CPU
	EndGlobalSection
	GlobalSection(ProjectConfigurationPlatforms) = postSolution
		{D0393B5F-3041-4FE0-B920-9BC2C87F908A}.Debug|Any CPU.ActiveCfg = Debug|Any CPU
		{D0393B5F-3041-4FE0-B920-9BC2C87F908A}.Debug|Any CPU.Build.0 = Debug|Any CPU
		{D0393B5F-3041-4FE0-B920-9BC2C87F908A}.Release|Any CPU.ActiveCfg = Release|Any CPU
		{D0393B5F-3041-4FE0-B920-9BC2C87F908A}.Release|Any CPU.Build.0 = Release|Any CPU
	EndGlobalSection
	GlobalSection(SolutionProperties) = preSolution
		HideSolutionNode = FALSE
	EndGlobalSection
	GlobalSection(ExtensibilityGlobals) = postSolution
		SolutionGuid = {DDAB187F-1717-4ADE-B681-9DE596938364}
	EndGlobalSection
EndGlobal
