
Microsoft Visual Studio Solution File, Format Version 12.00
# Visual Studio Version 16
VisualStudioVersion = 16.0.30309.148
MinimumVisualStudioVersion = 10.0.40219.1
Project("{9A19103F-16F7-4668-BE54-9A1E7A4F7556}") = "Library Task", "ConsoleApp1\Library Task.csproj", "{D0393B5F-3041-4FE0-B920-9BC2C87F908A}"
EndProject
Project("{9A19103F-16F7-4668-BE54-9A1E7A4F7556}") = "Exam Preparation", "Exam Preparation\Exam Preparation.csproj", "{219A4047-DF3A-4577-B753-C146ABAB0A59}"
EndProject
Project("{9A19103F-16F7-4668-BE54-9A1E7A4F7556}") = "Vacation", "Vacation\Vacation.csproj", "{4A9441BC-65F6-4624-AA2E-7C45462120DC}"
EndProject
Project("{9A19103F-16F7-4668-BE54-9A1E7A4F7556}") = "BDayCake", "BDayCake\BDayCake.csproj", "{FC4A591B-9250-465C-9CF2-2835B29B0C58}"
EndProject
Project("{9A19103F-16F7-4668-BE54-9A1E7A4F7556}") = "ForExcercisesLab", "ForExcercisesLab\ForExcercisesLab.csproj", "{3E9065FC-BBBA-4244-9324-03EB1036B9D8}"
EndProject
Project("{9A19103F-16F7-4668-BE54-9A1E7A4F7556}") = "Loops pt 2 exercise", "Loops pt 2 exercises\Loops pt 2 exercise.csproj", "{B0625A7B-F44F-45CA-BCA1-DEA438402089}"
EndProject
Project("{9A19103F-16F7-4668-BE54-9A1E7A4F7556}") = "Histogram", "Histogram\Histogram.csproj", "{49CD42AC-1DCD-4EF0-98B8-9693B8464C38}"
EndProject
Project("{FAE04EC0-301F-11D3-BF4B-00C04F79EFBC}") = "Dividing By 2, 3 and 4", "Dividing By 2, 3 and 4\Dividing By 2, 3 and 4.csproj", "{B2F0AA9F-EF5F-445A-9183-6722D7ECD5F3}"
EndProject
Project("{FAE04EC0-301F-11D3-BF4B-00C04F79EFBC}") = "Salary", "Salary\Salary.csproj", "{628A2DB3-F553-4279-A9D3-2CE105B9C39F}"
EndProject
Project("{FAE04EC0-301F-11D3-BF4B-00C04F79EFBC}") = "Table of Multiplying", "Nested Loops Practice\Table of Multiplying.csproj", "{1C18769D-3583-44A3-8996-93E0B58A0EBD}"
EndProject
Project("{FAE04EC0-301F-11D3-BF4B-00C04F79EFBC}") = "Combinations", "Combinations\Combinations.csproj", "{C2F522C6-B0D9-4CC7-9387-AE5E6FED9261}"
EndProject
Project("{FAE04EC0-301F-11D3-BF4B-00C04F79EFBC}") = "Name_Winner_ASCII_Values", "Name_Winner_ASCII_Values\Name_Winner_ASCII_Values.csproj", "{9048F383-9DB4-4EE1-8F0C-2EAAB3B14409}"
EndProject
Global
	GlobalSection(SolutionConfigurationPlatforms) = preSolution
		Debug|Any CPU = Debug|Any CPU
		Release|Any CPU = Release|Any CPU
	EndGlobalSection
	GlobalSection(ProjectConfigurationPlatforms) = postSolution
		{D0393B5F-3041-4FE0-B920-9BC2C87F908A}.Debug|Any CPU.ActiveCfg = Debug|Any CPU
		{D0393B5F-3041-4FE0-B920-9BC2C87F908A}.Debug|Any CPU.Build.0 = Debug|Any CPU
		{D0393B5F-3041-4FE0-B920-9BC2C87F908A}.Release|Any CPU.ActiveCfg = Release|Any CPU
		{D0393B5F-3041-4FE0-B920-9BC2C87F908A}.Release|Any CPU.Build.0 = Release|Any CPU
		{219A4047-DF3A-4577-B753-C146ABAB0A59}.Debug|Any CPU.ActiveCfg = Debug|Any CPU
		{219A4047-DF3A-4577-B753-C146ABAB0A59}.Debug|Any CPU.Build.0 = Debug|Any CPU
		{219A4047-DF3A-4577-B753-C146ABAB0A59}.Release|Any CPU.ActiveCfg = Release|Any CPU
		{219A4047-DF3A-4577-B753-C146ABAB0A59}.Release|Any CPU.Build.0 = Release|Any CPU
		{4A9441BC-65F6-4624-AA2E-7C45462120DC}.Debug|Any CPU.ActiveCfg = Debug|Any CPU
		{4A9441BC-65F6-4624-AA2E-7C45462120DC}.Debug|Any CPU.Build.0 = Debug|Any CPU
		{4A9441BC-65F6-4624-AA2E-7C45462120DC}.Release|Any CPU.ActiveCfg = Release|Any CPU
		{4A9441BC-65F6-4624-AA2E-7C45462120DC}.Release|Any CPU.Build.0 = Release|Any CPU
		{FC4A591B-9250-465C-9CF2-2835B29B0C58}.Debug|Any CPU.ActiveCfg = Debug|Any CPU
		{FC4A591B-9250-465C-9CF2-2835B29B0C58}.Debug|Any CPU.Build.0 = Debug|Any CPU
		{FC4A591B-9250-465C-9CF2-2835B29B0C58}.Release|Any CPU.ActiveCfg = Release|Any CPU
		{FC4A591B-9250-465C-9CF2-2835B29B0C58}.Release|Any CPU.Build.0 = Release|Any CPU
		{3E9065FC-BBBA-4244-9324-03EB1036B9D8}.Debug|Any CPU.ActiveCfg = Debug|Any CPU
		{3E9065FC-BBBA-4244-9324-03EB1036B9D8}.Debug|Any CPU.Build.0 = Debug|Any CPU
		{3E9065FC-BBBA-4244-9324-03EB1036B9D8}.Release|Any CPU.ActiveCfg = Release|Any CPU
		{3E9065FC-BBBA-4244-9324-03EB1036B9D8}.Release|Any CPU.Build.0 = Release|Any CPU
		{B0625A7B-F44F-45CA-BCA1-DEA438402089}.Debug|Any CPU.ActiveCfg = Debug|Any CPU
		{B0625A7B-F44F-45CA-BCA1-DEA438402089}.Debug|Any CPU.Build.0 = Debug|Any CPU
		{B0625A7B-F44F-45CA-BCA1-DEA438402089}.Release|Any CPU.ActiveCfg = Release|Any CPU
		{B0625A7B-F44F-45CA-BCA1-DEA438402089}.Release|Any CPU.Build.0 = Release|Any CPU
		{49CD42AC-1DCD-4EF0-98B8-9693B8464C38}.Debug|Any CPU.ActiveCfg = Debug|Any CPU
		{49CD42AC-1DCD-4EF0-98B8-9693B8464C38}.Debug|Any CPU.Build.0 = Debug|Any CPU
		{49CD42AC-1DCD-4EF0-98B8-9693B8464C38}.Release|Any CPU.ActiveCfg = Release|Any CPU
		{49CD42AC-1DCD-4EF0-98B8-9693B8464C38}.Release|Any CPU.Build.0 = Release|Any CPU
		{B2F0AA9F-EF5F-445A-9183-6722D7ECD5F3}.Debug|Any CPU.ActiveCfg = Debug|Any CPU
		{B2F0AA9F-EF5F-445A-9183-6722D7ECD5F3}.Debug|Any CPU.Build.0 = Debug|Any CPU
		{B2F0AA9F-EF5F-445A-9183-6722D7ECD5F3}.Release|Any CPU.ActiveCfg = Release|Any CPU
		{B2F0AA9F-EF5F-445A-9183-6722D7ECD5F3}.Release|Any CPU.Build.0 = Release|Any CPU
		{628A2DB3-F553-4279-A9D3-2CE105B9C39F}.Debug|Any CPU.ActiveCfg = Debug|Any CPU
		{628A2DB3-F553-4279-A9D3-2CE105B9C39F}.Debug|Any CPU.Build.0 = Debug|Any CPU
		{628A2DB3-F553-4279-A9D3-2CE105B9C39F}.Release|Any CPU.ActiveCfg = Release|Any CPU
		{628A2DB3-F553-4279-A9D3-2CE105B9C39F}.Release|Any CPU.Build.0 = Release|Any CPU
		{1C18769D-3583-44A3-8996-93E0B58A0EBD}.Debug|Any CPU.ActiveCfg = Debug|Any CPU
		{1C18769D-3583-44A3-8996-93E0B58A0EBD}.Debug|Any CPU.Build.0 = Debug|Any CPU
		{1C18769D-3583-44A3-8996-93E0B58A0EBD}.Release|Any CPU.ActiveCfg = Release|Any CPU
		{1C18769D-3583-44A3-8996-93E0B58A0EBD}.Release|Any CPU.Build.0 = Release|Any CPU
		{C2F522C6-B0D9-4CC7-9387-AE5E6FED9261}.Debug|Any CPU.ActiveCfg = Debug|Any CPU
		{C2F522C6-B0D9-4CC7-9387-AE5E6FED9261}.Debug|Any CPU.Build.0 = Debug|Any CPU
		{C2F522C6-B0D9-4CC7-9387-AE5E6FED9261}.Release|Any CPU.ActiveCfg = Release|Any CPU
		{C2F522C6-B0D9-4CC7-9387-AE5E6FED9261}.Release|Any CPU.Build.0 = Release|Any CPU
		{9048F383-9DB4-4EE1-8F0C-2EAAB3B14409}.Debug|Any CPU.ActiveCfg = Debug|Any CPU
		{9048F383-9DB4-4EE1-8F0C-2EAAB3B14409}.Debug|Any CPU.Build.0 = Debug|Any CPU
		{9048F383-9DB4-4EE1-8F0C-2EAAB3B14409}.Release|Any CPU.ActiveCfg = Release|Any CPU
		{9048F383-9DB4-4EE1-8F0C-2EAAB3B14409}.Release|Any CPU.Build.0 = Release|Any CPU
	EndGlobalSection
	GlobalSection(SolutionProperties) = preSolution
		HideSolutionNode = FALSE
	EndGlobalSection
	GlobalSection(ExtensibilityGlobals) = postSolution
		SolutionGuid = {DDAB187F-1717-4ADE-B681-9DE596938364}
	EndGlobalSection
EndGlobal
